
Microsoft Visual Studio Solution File, Format Version 12.00
# Visual Studio 15
VisualStudioVersion = 15.0.26124.0
MinimumVisualStudioVersion = 15.0.26124.0
Project("{FAE04EC0-301F-11D3-BF4B-00C04F79EFBC}") = "CharSheet.Api", "CharSheet.Api\CharSheet.Api.csproj", "{804AD6E2-4C16-4EC3-9F7D-1513880F5BBB}"
EndProject
Project("{FAE04EC0-301F-11D3-BF4B-00C04F79EFBC}") = "CharSheet.Data", "CharSheet.Data\CharSheet.Data.csproj", "{BDED3366-F0F8-44F8-B4A9-E74A7AB444F2}"
EndProject
Project("{FAE04EC0-301F-11D3-BF4B-00C04F79EFBC}") = "CharSheet.Domain", "CharSheet.Domain\CharSheet.Domain.csproj", "{D7F69CF0-DA6B-43AB-9278-647479EB27F2}"
EndProject
Project("{FAE04EC0-301F-11D3-BF4B-00C04F79EFBC}") = "CharSheet.Test", "CharSheet.Test\CharSheet.Test.csproj", "{7E9A5E10-4518-4F1D-AF00-2705E57AF6AA}"
EndProject
Global
	GlobalSection(SolutionConfigurationPlatforms) = preSolution
		Debug|Any CPU = Debug|Any CPU
		Debug|x64 = Debug|x64
		Debug|x86 = Debug|x86
		Release|Any CPU = Release|Any CPU
		Release|x64 = Release|x64
		Release|x86 = Release|x86
	EndGlobalSection
	GlobalSection(SolutionProperties) = preSolution
		HideSolutionNode = FALSE
	EndGlobalSection
	GlobalSection(ProjectConfigurationPlatforms) = postSolution
		{804AD6E2-4C16-4EC3-9F7D-1513880F5BBB}.Debug|Any CPU.ActiveCfg = Debug|Any CPU
		{804AD6E2-4C16-4EC3-9F7D-1513880F5BBB}.Debug|Any CPU.Build.0 = Debug|Any CPU
		{804AD6E2-4C16-4EC3-9F7D-1513880F5BBB}.Debug|x64.ActiveCfg = Debug|Any CPU
		{804AD6E2-4C16-4EC3-9F7D-1513880F5BBB}.Debug|x64.Build.0 = Debug|Any CPU
		{804AD6E2-4C16-4EC3-9F7D-1513880F5BBB}.Debug|x86.ActiveCfg = Debug|Any CPU
		{804AD6E2-4C16-4EC3-9F7D-1513880F5BBB}.Debug|x86.Build.0 = Debug|Any CPU
		{804AD6E2-4C16-4EC3-9F7D-1513880F5BBB}.Release|Any CPU.ActiveCfg = Release|Any CPU
		{804AD6E2-4C16-4EC3-9F7D-1513880F5BBB}.Release|Any CPU.Build.0 = Release|Any CPU
		{804AD6E2-4C16-4EC3-9F7D-1513880F5BBB}.Release|x64.ActiveCfg = Release|Any CPU
		{804AD6E2-4C16-4EC3-9F7D-1513880F5BBB}.Release|x64.Build.0 = Release|Any CPU
		{804AD6E2-4C16-4EC3-9F7D-1513880F5BBB}.Release|x86.ActiveCfg = Release|Any CPU
		{804AD6E2-4C16-4EC3-9F7D-1513880F5BBB}.Release|x86.Build.0 = Release|Any CPU
		{BDED3366-F0F8-44F8-B4A9-E74A7AB444F2}.Debug|Any CPU.ActiveCfg = Debug|Any CPU
		{BDED3366-F0F8-44F8-B4A9-E74A7AB444F2}.Debug|Any CPU.Build.0 = Debug|Any CPU
		{BDED3366-F0F8-44F8-B4A9-E74A7AB444F2}.Debug|x64.ActiveCfg = Debug|Any CPU
		{BDED3366-F0F8-44F8-B4A9-E74A7AB444F2}.Debug|x64.Build.0 = Debug|Any CPU
		{BDED3366-F0F8-44F8-B4A9-E74A7AB444F2}.Debug|x86.ActiveCfg = Debug|Any CPU
		{BDED3366-F0F8-44F8-B4A9-E74A7AB444F2}.Debug|x86.Build.0 = Debug|Any CPU
		{BDED3366-F0F8-44F8-B4A9-E74A7AB444F2}.Release|Any CPU.ActiveCfg = Release|Any CPU
		{BDED3366-F0F8-44F8-B4A9-E74A7AB444F2}.Release|Any CPU.Build.0 = Release|Any CPU
		{BDED3366-F0F8-44F8-B4A9-E74A7AB444F2}.Release|x64.ActiveCfg = Release|Any CPU
		{BDED3366-F0F8-44F8-B4A9-E74A7AB444F2}.Release|x64.Build.0 = Release|Any CPU
		{BDED3366-F0F8-44F8-B4A9-E74A7AB444F2}.Release|x86.ActiveCfg = Release|Any CPU
		{BDED3366-F0F8-44F8-B4A9-E74A7AB444F2}.Release|x86.Build.0 = Release|Any CPU
		{D7F69CF0-DA6B-43AB-9278-647479EB27F2}.Debug|Any CPU.ActiveCfg = Debug|Any CPU
		{D7F69CF0-DA6B-43AB-9278-647479EB27F2}.Debug|Any CPU.Build.0 = Debug|Any CPU
		{D7F69CF0-DA6B-43AB-9278-647479EB27F2}.Debug|x64.ActiveCfg = Debug|Any CPU
		{D7F69CF0-DA6B-43AB-9278-647479EB27F2}.Debug|x64.Build.0 = Debug|Any CPU
		{D7F69CF0-DA6B-43AB-9278-647479EB27F2}.Debug|x86.ActiveCfg = Debug|Any CPU
		{D7F69CF0-DA6B-43AB-9278-647479EB27F2}.Debug|x86.Build.0 = Debug|Any CPU
		{D7F69CF0-DA6B-43AB-9278-647479EB27F2}.Release|Any CPU.ActiveCfg = Release|Any CPU
		{D7F69CF0-DA6B-43AB-9278-647479EB27F2}.Release|Any CPU.Build.0 = Release|Any CPU
		{D7F69CF0-DA6B-43AB-9278-647479EB27F2}.Release|x64.ActiveCfg = Release|Any CPU
		{D7F69CF0-DA6B-43AB-9278-647479EB27F2}.Release|x64.Build.0 = Release|Any CPU
		{D7F69CF0-DA6B-43AB-9278-647479EB27F2}.Release|x86.ActiveCfg = Release|Any CPU
		{D7F69CF0-DA6B-43AB-9278-647479EB27F2}.Release|x86.Build.0 = Release|Any CPU
		{7E9A5E10-4518-4F1D-AF00-2705E57AF6AA}.Debug|Any CPU.ActiveCfg = Debug|Any CPU
		{7E9A5E10-4518-4F1D-AF00-2705E57AF6AA}.Debug|Any CPU.Build.0 = Debug|Any CPU
		{7E9A5E10-4518-4F1D-AF00-2705E57AF6AA}.Debug|x64.ActiveCfg = Debug|Any CPU
		{7E9A5E10-4518-4F1D-AF00-2705E57AF6AA}.Debug|x64.Build.0 = Debug|Any CPU
		{7E9A5E10-4518-4F1D-AF00-2705E57AF6AA}.Debug|x86.ActiveCfg = Debug|Any CPU
		{7E9A5E10-4518-4F1D-AF00-2705E57AF6AA}.Debug|x86.Build.0 = Debug|Any CPU
		{7E9A5E10-4518-4F1D-AF00-2705E57AF6AA}.Release|Any CPU.ActiveCfg = Release|Any CPU
		{7E9A5E10-4518-4F1D-AF00-2705E57AF6AA}.Release|Any CPU.Build.0 = Release|Any CPU
		{7E9A5E10-4518-4F1D-AF00-2705E57AF6AA}.Release|x64.ActiveCfg = Release|Any CPU
		{7E9A5E10-4518-4F1D-AF00-2705E57AF6AA}.Release|x64.Build.0 = Release|Any CPU
		{7E9A5E10-4518-4F1D-AF00-2705E57AF6AA}.Release|x86.ActiveCfg = Release|Any CPU
		{7E9A5E10-4518-4F1D-AF00-2705E57AF6AA}.Release|x86.Build.0 = Release|Any CPU
	EndGlobalSection
EndGlobal
